
Microsoft Visual Studio Solution File, Format Version 11.00
# Visual Studio 2010
Project("{FAE04EC0-301F-11D3-BF4B-00C04F79EFBC}") = "Mirror", "Mirror.csproj", "{B67E9578-73CF-2CE4-0161-89EA8D8E02F3}"
EndProject
Project("{FAE04EC0-301F-11D3-BF4B-00C04F79EFBC}") = "SimpleWebTransport", "SimpleWebTransport.csproj", "{0BBCC6EE-D828-AE0D-4E44-A39FB0C24625}"
EndProject
Project("{FAE04EC0-301F-11D3-BF4B-00C04F79EFBC}") = "Mirror.Examples", "Mirror.Examples.csproj", "{B98A9201-228B-E483-811B-51A79A72BCB1}"
EndProject
Project("{FAE04EC0-301F-11D3-BF4B-00C04F79EFBC}") = "Mirror.Components", "Mirror.Components.csproj", "{12DAC563-6689-5912-5EFC-C1A7698263E9}"
EndProject
Project("{FAE04EC0-301F-11D3-BF4B-00C04F79EFBC}") = "kcp2k", "kcp2k.csproj", "{8F7CECDE-A663-40EA-8826-C40918D9A385}"
EndProject
Project("{FAE04EC0-301F-11D3-BF4B-00C04F79EFBC}") = "Telepathy", "Telepathy.csproj", "{2DFD8A46-5F54-2860-43A5-CA366439B863}"
EndProject
Project("{FAE04EC0-301F-11D3-BF4B-00C04F79EFBC}") = "Mirror.Authenticators", "Mirror.Authenticators.csproj", "{D3C19177-C321-D837-D55A-046B0BFE84CC}"
EndProject
Project("{FAE04EC0-301F-11D3-BF4B-00C04F79EFBC}") = "where-allocations", "where-allocations.csproj", "{DB870C2F-8E88-76E9-DE5A-B0604C93E8C5}"
EndProject
Project("{FAE04EC0-301F-11D3-BF4B-00C04F79EFBC}") = "Assembly-CSharp", "Assembly-CSharp.csproj", "{BAEA7243-C382-7C2F-23F4-B5CB80A320E4}"
EndProject
Project("{FAE04EC0-301F-11D3-BF4B-00C04F79EFBC}") = "Unity.Mirror.CodeGen", "Unity.Mirror.CodeGen.csproj", "{EE119561-1061-31ED-B13D-E9C922DF7311}"
EndProject
Project("{FAE04EC0-301F-11D3-BF4B-00C04F79EFBC}") = "Mirror.Editor", "Mirror.Editor.csproj", "{0823C6A7-8E3C-42EC-5CFB-73E703FAD2D4}"
EndProject
Project("{FAE04EC0-301F-11D3-BF4B-00C04F79EFBC}") = "Mirror.CompilerSymbols", "Mirror.CompilerSymbols.csproj", "{8888C482-740E-2DE3-79EB-821881EEA45B}"
EndProject
Global
	GlobalSection(SolutionConfigurationPlatforms) = preSolution
		Debug|Any CPU = Debug|Any CPU
		Release|Any CPU = Release|Any CPU
	EndGlobalSection
	GlobalSection(ProjectConfigurationPlatforms) = postSolution
		{B67E9578-73CF-2CE4-0161-89EA8D8E02F3}.Debug|Any CPU.ActiveCfg = Debug|Any CPU
		{B67E9578-73CF-2CE4-0161-89EA8D8E02F3}.Debug|Any CPU.Build.0 = Debug|Any CPU
		{B67E9578-73CF-2CE4-0161-89EA8D8E02F3}.Release|Any CPU.ActiveCfg = Release|Any CPU
		{B67E9578-73CF-2CE4-0161-89EA8D8E02F3}.Release|Any CPU.Build.0 = Release|Any CPU
		{0BBCC6EE-D828-AE0D-4E44-A39FB0C24625}.Debug|Any CPU.ActiveCfg = Debug|Any CPU
		{0BBCC6EE-D828-AE0D-4E44-A39FB0C24625}.Debug|Any CPU.Build.0 = Debug|Any CPU
		{0BBCC6EE-D828-AE0D-4E44-A39FB0C24625}.Release|Any CPU.ActiveCfg = Release|Any CPU
		{0BBCC6EE-D828-AE0D-4E44-A39FB0C24625}.Release|Any CPU.Build.0 = Release|Any CPU
		{B98A9201-228B-E483-811B-51A79A72BCB1}.Debug|Any CPU.ActiveCfg = Debug|Any CPU
		{B98A9201-228B-E483-811B-51A79A72BCB1}.Debug|Any CPU.Build.0 = Debug|Any CPU
		{B98A9201-228B-E483-811B-51A79A72BCB1}.Release|Any CPU.ActiveCfg = Release|Any CPU
		{B98A9201-228B-E483-811B-51A79A72BCB1}.Release|Any CPU.Build.0 = Release|Any CPU
		{12DAC563-6689-5912-5EFC-C1A7698263E9}.Debug|Any CPU.ActiveCfg = Debug|Any CPU
		{12DAC563-6689-5912-5EFC-C1A7698263E9}.Debug|Any CPU.Build.0 = Debug|Any CPU
		{12DAC563-6689-5912-5EFC-C1A7698263E9}.Release|Any CPU.ActiveCfg = Release|Any CPU
		{12DAC563-6689-5912-5EFC-C1A7698263E9}.Release|Any CPU.Build.0 = Release|Any CPU
		{8F7CECDE-A663-40EA-8826-C40918D9A385}.Debug|Any CPU.ActiveCfg = Debug|Any CPU
		{8F7CECDE-A663-40EA-8826-C40918D9A385}.Debug|Any CPU.Build.0 = Debug|Any CPU
		{8F7CECDE-A663-40EA-8826-C40918D9A385}.Release|Any CPU.ActiveCfg = Release|Any CPU
		{8F7CECDE-A663-40EA-8826-C40918D9A385}.Release|Any CPU.Build.0 = Release|Any CPU
		{2DFD8A46-5F54-2860-43A5-CA366439B863}.Debug|Any CPU.ActiveCfg = Debug|Any CPU
		{2DFD8A46-5F54-2860-43A5-CA366439B863}.Debug|Any CPU.Build.0 = Debug|Any CPU
		{2DFD8A46-5F54-2860-43A5-CA366439B863}.Release|Any CPU.ActiveCfg = Release|Any CPU
		{2DFD8A46-5F54-2860-43A5-CA366439B863}.Release|Any CPU.Build.0 = Release|Any CPU
		{D3C19177-C321-D837-D55A-046B0BFE84CC}.Debug|Any CPU.ActiveCfg = Debug|Any CPU
		{D3C19177-C321-D837-D55A-046B0BFE84CC}.Debug|Any CPU.Build.0 = Debug|Any CPU
		{D3C19177-C321-D837-D55A-046B0BFE84CC}.Release|Any CPU.ActiveCfg = Release|Any CPU
		{D3C19177-C321-D837-D55A-046B0BFE84CC}.Release|Any CPU.Build.0 = Release|Any CPU
		{DB870C2F-8E88-76E9-DE5A-B0604C93E8C5}.Debug|Any CPU.ActiveCfg = Debug|Any CPU
		{DB870C2F-8E88-76E9-DE5A-B0604C93E8C5}.Debug|Any CPU.Build.0 = Debug|Any CPU
		{DB870C2F-8E88-76E9-DE5A-B0604C93E8C5}.Release|Any CPU.ActiveCfg = Release|Any CPU
		{DB870C2F-8E88-76E9-DE5A-B0604C93E8C5}.Release|Any CPU.Build.0 = Release|Any CPU
		{BAEA7243-C382-7C2F-23F4-B5CB80A320E4}.Debug|Any CPU.ActiveCfg = Debug|Any CPU
		{BAEA7243-C382-7C2F-23F4-B5CB80A320E4}.Debug|Any CPU.Build.0 = Debug|Any CPU
		{BAEA7243-C382-7C2F-23F4-B5CB80A320E4}.Release|Any CPU.ActiveCfg = Release|Any CPU
		{BAEA7243-C382-7C2F-23F4-B5CB80A320E4}.Release|Any CPU.Build.0 = Release|Any CPU
		{EE119561-1061-31ED-B13D-E9C922DF7311}.Debug|Any CPU.ActiveCfg = Debug|Any CPU
		{EE119561-1061-31ED-B13D-E9C922DF7311}.Debug|Any CPU.Build.0 = Debug|Any CPU
		{EE119561-1061-31ED-B13D-E9C922DF7311}.Release|Any CPU.ActiveCfg = Release|Any CPU
		{EE119561-1061-31ED-B13D-E9C922DF7311}.Release|Any CPU.Build.0 = Release|Any CPU
		{0823C6A7-8E3C-42EC-5CFB-73E703FAD2D4}.Debug|Any CPU.ActiveCfg = Debug|Any CPU
		{0823C6A7-8E3C-42EC-5CFB-73E703FAD2D4}.Debug|Any CPU.Build.0 = Debug|Any CPU
		{0823C6A7-8E3C-42EC-5CFB-73E703FAD2D4}.Release|Any CPU.ActiveCfg = Release|Any CPU
		{0823C6A7-8E3C-42EC-5CFB-73E703FAD2D4}.Release|Any CPU.Build.0 = Release|Any CPU
		{8888C482-740E-2DE3-79EB-821881EEA45B}.Debug|Any CPU.ActiveCfg = Debug|Any CPU
		{8888C482-740E-2DE3-79EB-821881EEA45B}.Debug|Any CPU.Build.0 = Debug|Any CPU
		{8888C482-740E-2DE3-79EB-821881EEA45B}.Release|Any CPU.ActiveCfg = Release|Any CPU
		{8888C482-740E-2DE3-79EB-821881EEA45B}.Release|Any CPU.Build.0 = Release|Any CPU
	EndGlobalSection
	GlobalSection(SolutionProperties) = preSolution
		HideSolutionNode = FALSE
	EndGlobalSection
EndGlobal
